
Microsoft Visual Studio Solution File, Format Version 12.00
# Visual Studio Version 16
VisualStudioVersion = 16.0.30907.101
MinimumVisualStudioVersion = 10.0.40219.1
Project("{9A19103F-16F7-4668-BE54-9A1E7A4F7556}") = "Entities", "Entities\Entities.csproj", "{061FA057-894B-4443-B1EA-32BD30E64859}"
EndProject
Project("{9A19103F-16F7-4668-BE54-9A1E7A4F7556}") = "DataAccess", "DataAccess\DataAccess.csproj", "{7A9491DD-10D9-4DE6-937A-275799CBC711}"
EndProject
Project("{9A19103F-16F7-4668-BE54-9A1E7A4F7556}") = "Business", "Business\Business.csproj", "{2DC1A97F-A2F6-4AF2-8119-1A304DE5165B}"
EndProject
Project("{9A19103F-16F7-4668-BE54-9A1E7A4F7556}") = "ConsoleUI", "ConsoleUI\ConsoleUI.csproj", "{0498A797-D74F-4091-8F45-F87596EA8B9C}"
EndProject
Project("{FAE04EC0-301F-11D3-BF4B-00C04F79EFBC}") = "Core", "Core\Core.csproj", "{A9C3FB2A-9B93-4450-A6E5-68722DA00017}"
EndProject
Global
	GlobalSection(SolutionConfigurationPlatforms) = preSolution
		Debug|Any CPU = Debug|Any CPU
		Release|Any CPU = Release|Any CPU
	EndGlobalSection
	GlobalSection(ProjectConfigurationPlatforms) = postSolution
		{061FA057-894B-4443-B1EA-32BD30E64859}.Debug|Any CPU.ActiveCfg = Debug|Any CPU
		{061FA057-894B-4443-B1EA-32BD30E64859}.Debug|Any CPU.Build.0 = Debug|Any CPU
		{061FA057-894B-4443-B1EA-32BD30E64859}.Release|Any CPU.ActiveCfg = Release|Any CPU
		{061FA057-894B-4443-B1EA-32BD30E64859}.Release|Any CPU.Build.0 = Release|Any CPU
		{7A9491DD-10D9-4DE6-937A-275799CBC711}.Debug|Any CPU.ActiveCfg = Debug|Any CPU
		{7A9491DD-10D9-4DE6-937A-275799CBC711}.Debug|Any CPU.Build.0 = Debug|Any CPU
		{7A9491DD-10D9-4DE6-937A-275799CBC711}.Release|Any CPU.ActiveCfg = Release|Any CPU
		{7A9491DD-10D9-4DE6-937A-275799CBC711}.Release|Any CPU.Build.0 = Release|Any CPU
		{2DC1A97F-A2F6-4AF2-8119-1A304DE5165B}.Debug|Any CPU.ActiveCfg = Debug|Any CPU
		{2DC1A97F-A2F6-4AF2-8119-1A304DE5165B}.Debug|Any CPU.Build.0 = Debug|Any CPU
		{2DC1A97F-A2F6-4AF2-8119-1A304DE5165B}.Release|Any CPU.ActiveCfg = Release|Any CPU
		{2DC1A97F-A2F6-4AF2-8119-1A304DE5165B}.Release|Any CPU.Build.0 = Release|Any CPU
		{0498A797-D74F-4091-8F45-F87596EA8B9C}.Debug|Any CPU.ActiveCfg = Debug|Any CPU
		{0498A797-D74F-4091-8F45-F87596EA8B9C}.Debug|Any CPU.Build.0 = Debug|Any CPU
		{0498A797-D74F-4091-8F45-F87596EA8B9C}.Release|Any CPU.ActiveCfg = Release|Any CPU
		{0498A797-D74F-4091-8F45-F87596EA8B9C}.Release|Any CPU.Build.0 = Release|Any CPU
		{A9C3FB2A-9B93-4450-A6E5-68722DA00017}.Debug|Any CPU.ActiveCfg = Debug|Any CPU
		{A9C3FB2A-9B93-4450-A6E5-68722DA00017}.Debug|Any CPU.Build.0 = Debug|Any CPU
		{A9C3FB2A-9B93-4450-A6E5-68722DA00017}.Release|Any CPU.ActiveCfg = Release|Any CPU
		{A9C3FB2A-9B93-4450-A6E5-68722DA00017}.Release|Any CPU.Build.0 = Release|Any CPU
	EndGlobalSection
	GlobalSection(SolutionProperties) = preSolution
		HideSolutionNode = FALSE
	EndGlobalSection
	GlobalSection(ExtensibilityGlobals) = postSolution
		SolutionGuid = {4DC02CF4-11AA-4FA6-8B7B-09EAD57216FA}
	EndGlobalSection
EndGlobal
